
Microsoft Visual Studio Solution File, Format Version 12.00
# Visual Studio 15
VisualStudioVersion = 15.0.27004.2002
MinimumVisualStudioVersion = 10.0.40219.1
Project("{FAE04EC0-301F-11D3-BF4B-00C04F79EFBC}") = "Mysql test", "Mysql test\Mysql test.csproj", "{F8FD5615-7243-4F04-AF09-F8348BA36627}"
EndProject
Global
	GlobalSection(SolutionConfigurationPlatforms) = preSolution
		Debug|Any CPU = Debug|Any CPU
		Release|Any CPU = Release|Any CPU
	EndGlobalSection
	GlobalSection(ProjectConfigurationPlatforms) = postSolution
		{F8FD5615-7243-4F04-AF09-F8348BA36627}.Debug|Any CPU.ActiveCfg = Debug|Any CPU
		{F8FD5615-7243-4F04-AF09-F8348BA36627}.Debug|Any CPU.Build.0 = Debug|Any CPU
		{F8FD5615-7243-4F04-AF09-F8348BA36627}.Release|Any CPU.ActiveCfg = Release|Any CPU
		{F8FD5615-7243-4F04-AF09-F8348BA36627}.Release|Any CPU.Build.0 = Release|Any CPU
	EndGlobalSection
	GlobalSection(SolutionProperties) = preSolution
		HideSolutionNode = FALSE
	EndGlobalSection
	GlobalSection(ExtensibilityGlobals) = postSolution
		SolutionGuid = {1AE231BD-DEE0-4EB1-BF9D-D0C3D41B265F}
	EndGlobalSection
EndGlobal
